
Microsoft Visual Studio Solution File, Format Version 12.00
# Visual Studio Version 17
VisualStudioVersion = 17.1.31911.260
MinimumVisualStudioVersion = 10.0.40219.1
Project("{FAE04EC0-301F-11D3-BF4B-00C04F79EFBC}") = "RepoPractice", "RepoPractice.csproj", "{ABF6686E-6714-449A-9360-B7437CA5FEFB}"
EndProject
Global
	GlobalSection(SolutionConfigurationPlatforms) = preSolution
		Debug|Any CPU = Debug|Any CPU
		Release|Any CPU = Release|Any CPU
	EndGlobalSection
	GlobalSection(ProjectConfigurationPlatforms) = postSolution
		{ABF6686E-6714-449A-9360-B7437CA5FEFB}.Debug|Any CPU.ActiveCfg = Debug|Any CPU
		{ABF6686E-6714-449A-9360-B7437CA5FEFB}.Debug|Any CPU.Build.0 = Debug|Any CPU
		{ABF6686E-6714-449A-9360-B7437CA5FEFB}.Release|Any CPU.ActiveCfg = Release|Any CPU
		{ABF6686E-6714-449A-9360-B7437CA5FEFB}.Release|Any CPU.Build.0 = Release|Any CPU
	EndGlobalSection
	GlobalSection(SolutionProperties) = preSolution
		HideSolutionNode = FALSE
	EndGlobalSection
	GlobalSection(ExtensibilityGlobals) = postSolution
		SolutionGuid = {28E1AEB7-DAFE-4325-9249-EBE9AA5F646A}
	EndGlobalSection
EndGlobal
